// !$*UTF8*$!
{
	archiveVersion = 1;
	classes = {
	};
	objectVersion = 50;
	objects = {

/* Begin PBXBuildFile section */
		E922CAA821ABFF79005033F0 /* AppDelegate.swift in Sources */ = {isa = PBXBuildFile; fileRef = E922CAA721ABFF79005033F0 /* AppDelegate.swift */; };
		E922CAAA21ABFF79005033F0 /* GameScene.sks in Resources */ = {isa = PBXBuildFile; fileRef = E922CAA921ABFF79005033F0 /* GameScene.sks */; };
		E922CAAC21ABFF79005033F0 /* Actions.sks in Resources */ = {isa = PBXBuildFile; fileRef = E922CAAB21ABFF79005033F0 /* Actions.sks */; };
		E922CAAE21ABFF79005033F0 /* GameScene.swift in Sources */ = {isa = PBXBuildFile; fileRef = E922CAAD21ABFF79005033F0 /* GameScene.swift */; };
		E922CAB021ABFF79005033F0 /* GameViewController.swift in Sources */ = {isa = PBXBuildFile; fileRef = E922CAAF21ABFF79005033F0 /* GameViewController.swift */; };
		E922CAB321ABFF79005033F0 /* Main.storyboard in Resources */ = {isa = PBXBuildFile; fileRef = E922CAB121ABFF79005033F0 /* Main.storyboard */; };
		E922CAB521ABFF7B005033F0 /* Assets.xcassets in Resources */ = {isa = PBXBuildFile; fileRef = E922CAB421ABFF7B005033F0 /* Assets.xcassets */; };
		E922CAB821ABFF7B005033F0 /* LaunchScreen.storyboard in Resources */ = {isa = PBXBuildFile; fileRef = E922CAB621ABFF7B005033F0 /* LaunchScreen.storyboard */; };
/* End PBXBuildFile section */

/* Begin PBXFileReference section */
		E922CAA421ABFF79005033F0 /* flappy bird.app */ = {isa = PBXFileReference; explicitFileType = wrapper.application; includeInIndex = 0; path = "flappy bird.app"; sourceTree = BUILT_PRODUCTS_DIR; };
		E922CAA721ABFF79005033F0 /* AppDelegate.swift */ = {isa = PBXFileReference; lastKnownFileType = sourcecode.swift; path = AppDelegate.swift; sourceTree = "<group>"; };
		E922CAA921ABFF79005033F0 /* GameScene.sks */ = {isa = PBXFileReference; lastKnownFileType = file.sks; path = GameScene.sks; sourceTree = "<group>"; };
		E922CAAB21ABFF79005033F0 /* Actions.sks */ = {isa = PBXFileReference; lastKnownFileType = file.sks; path = Actions.sks; sourceTree = "<group>"; };
		E922CAAD21ABFF79005033F0 /* GameScene.swift */ = {isa = PBXFileReference; lastKnownFileType = sourcecode.swift; path = GameScene.swift; sourceTree = "<group>"; };
		E922CAAF21ABFF79005033F0 /* GameViewController.swift */ = {isa = PBXFileReference; lastKnownFileType = sourcecode.swift; path = GameViewController.swift; sourceTree = "<group>"; };
		E922CAB221ABFF79005033F0 /* Base */ = {isa = PBXFileReference; lastKnownFileType = file.storyboard; name = Base; path = Base.lproj/Main.storyboard; sourceTree = "<group>"; };
		E922CAB421ABFF7B005033F0 /* Assets.xcassets */ = {isa = PBXFileReference; lastKnownFileType = folder.assetcatalog; path = Assets.xcassets; sourceTree = "<group>"; };
		E922CAB721ABFF7B005033F0 /* Base */ = {isa = PBXFileReference; lastKnownFileType = file.storyboard; name = Base; path = Base.lproj/LaunchScreen.storyboard; sourceTree = "<group>"; };
		E922CAB921ABFF7B005033F0 /* Info.plist */ = {isa = PBXFileReference; lastKnownFileType = text.plist.xml; path = Info.plist; sourceTree = "<group>"; };
/* End PBXFileReference section */

/* Begin PBXFrameworksBuildPhase section */
		E922CAA121ABFF79005033F0 /* Frameworks */ = {
			isa = PBXFrameworksBuildPhase;
			buildActionMask = 2147483647;
			files = (
			);
			runOnlyForDeploymentPostprocessing = 0;
		};
/* End PBXFrameworksBuildPhase section */

/* Begin PBXGroup section */
		E922CA9B21ABFF79005033F0 = {
			isa = PBXGroup;
			children = (
				E922CAA621ABFF79005033F0 /* flappy bird */,
				E922CAA521ABFF79005033F0 /* Products */,
			);
			sourceTree = "<group>";
		};
		E922CAA521ABFF79005033F0 /* Products */ = {
			isa = PBXGroup;
			children = (
				E922CAA421ABFF79005033F0 /* flappy bird.app */,
			);
			name = Products;
			sourceTree = "<group>";
		};
		E922CAA621ABFF79005033F0 /* flappy bird */ = {
			isa = PBXGroup;
			children = (
				E922CAA721ABFF79005033F0 /* AppDelegate.swift */,
				E922CAA921ABFF79005033F0 /* GameScene.sks */,
				E922CAAB21ABFF79005033F0 /* Actions.sks */,
				E922CAAD21ABFF79005033F0 /* GameScene.swift */,
				E922CAAF21ABFF79005033F0 /* GameViewController.swift */,
				E922CAB121ABFF79005033F0 /* Main.storyboard */,
				E922CAB421ABFF7B005033F0 /* Assets.xcassets */,
				E922CAB621ABFF7B005033F0 /* LaunchScreen.storyboard */,
				E922CAB921ABFF7B005033F0 /* Info.plist */,
			);
			path = "flappy bird";
			sourceTree = "<group>";
		};
/* End PBXGroup section */

/* Begin PBXNativeTarget section */
		E922CAA321ABFF79005033F0 /* flappy bird */ = {
			isa = PBXNativeTarget;
			buildConfigurationList = E922CABC21ABFF7B005033F0 /* Build configuration list for PBXNativeTarget "flappy bird" */;
			buildPhases = (
				E922CAA021ABFF79005033F0 /* Sources */,
				E922CAA121ABFF79005033F0 /* Frameworks */,
				E922CAA221ABFF79005033F0 /* Resources */,
			);
			buildRules = (
			);
			dependencies = (
			);
			name = "flappy bird";
			productName = "flappy bird";
			productReference = E922CAA421ABFF79005033F0 /* flappy bird.app */;
			productType = "com.apple.product-type.application";
		};
/* End PBXNativeTarget section */

/* Begin PBXProject section */
		E922CA9C21ABFF79005033F0 /* Project object */ = {
			isa = PBXProject;
			attributes = {
				LastSwiftUpdateCheck = 1010;
				LastUpgradeCheck = 1010;
				ORGANIZATIONNAME = "NTGMM-02";
				TargetAttributes = {
					E922CAA321ABFF79005033F0 = {
						CreatedOnToolsVersion = 10.1;
					};
				};
			};
			buildConfigurationList = E922CA9F21ABFF79005033F0 /* Build configuration list for PBXProject "flappy bird" */;
			compatibilityVersion = "Xcode 9.3";
			developmentRegion = en;
			hasScannedForEncodings = 0;
			knownRegions = (
				en,
				Base,
			);
			mainGroup = E922CA9B21ABFF79005033F0;
			productRefGroup = E922CAA521ABFF79005033F0 /* Products */;
			projectDirPath = "";
			projectRoot = "";
			targets = (
				E922CAA321ABFF79005033F0 /* flappy bird */,
			);
		};
/* End PBXProject section */

/* Begin PBXResourcesBuildPhase section */
		E922CAA221ABFF79005033F0 /* Resources */ = {
			isa = PBXResourcesBuildPhase;
			buildActionMask = 2147483647;
			files = (
				E922CAB321ABFF79005033F0 /* Main.storyboard in Resources */,
				E922CAAA21ABFF79005033F0 /* GameScene.sks in Resources */,
				E922CAB521ABFF7B005033F0 /* Assets.xcassets in Resources */,
				E922CAB821ABFF7B005033F0 /* LaunchScreen.storyboard in Resources */,
				E922CAAC21ABFF79005033F0 /* Actions.sks in Resources */,
			);
			runOnlyForDeploymentPostprocessing = 0;
		};
/* End PBXResourcesBuildPhase section */

/* Begin PBXSourcesBuildPhase section */
		E922CAA021ABFF79005033F0 /* Sources */ = {
			isa = PBXSourcesBuildPhase;
			buildActionMask = 2147483647;
			files = (
				E922CAAE21ABFF79005033F0 /* GameScene.swift in Sources */,
				E922CAB021ABFF79005033F0 /* GameViewController.swift in Sources */,
				E922CAA821ABFF79005033F0 /* AppDelegate.swift in Sources */,
			);
			runOnlyForDeploymentPostprocessing = 0;
		};
/* End PBXSourcesBuildPhase section */

/* Begin PBXVariantGroup section */
		E922CAB121ABFF79005033F0 /* Main.storyboard */ = {
			isa = PBXVariantGroup;
			children = (
				E922CAB221ABFF79005033F0 /* Base */,
			);
			name = Main.storyboard;
			sourceTree = "<group>";
		};
		E922CAB621ABFF7B005033F0 /* LaunchScreen.storyboard */ = {
			isa = PBXVariantGroup;
			children = (
				E922CAB721ABFF7B005033F0 /* Base */,
			);
			name = LaunchScreen.storyboard;
			sourceTree = "<group>";
		};
/* End PBXVariantGroup section */

/* Begin XCBuildConfiguration section */
		E922CABA21ABFF7B005033F0 /* Debug */ = {
			isa = XCBuildConfiguration;
			buildSettings = {
				ALWAYS_SEARCH_USER_PATHS = NO;
				CLANG_ANALYZER_NONNULL = YES;
				CLANG_ANALYZER_NUMBER_OBJECT_CONVERSION = YES_AGGRESSIVE;
				CLANG_CXX_LANGUAGE_STANDARD = "gnu++14";
				CLANG_CXX_LIBRARY = "libc++";
				CLANG_ENABLE_MODULES = YES;
				CLANG_ENABLE_OBJC_ARC = YES;
				CLANG_ENABLE_OBJC_WEAK = YES;
				CLANG_WARN_BLOCK_CAPTURE_AUTORELEASING = YES;
				CLANG_WARN_BOOL_CONVERSION = YES;
				CLANG_WARN_COMMA = YES;
				CLANG_WARN_CONSTANT_CONVERSION = YES;
				CLANG_WARN_DEPRECATED_OBJC_IMPLEMENTATIONS = YES;
				CLANG_WARN_DIRECT_OBJC_ISA_USAGE = YES_ERROR;
				CLANG_WARN_DOCUMENTATION_COMMENTS = YES;
				CLANG_WARN_EMPTY_BODY = YES;
				CLANG_WARN_ENUM_CONVERSION = YES;
				CLANG_WARN_INFINITE_RECURSION = YES;
				CLANG_WARN_INT_CONVERSION = YES;
				CLANG_WARN_NON_LITERAL_NULL_CONVERSION = YES;
				CLANG_WARN_OBJC_IMPLICIT_RETAIN_SELF = YES;
				CLANG_WARN_OBJC_LITERAL_CONVERSION = YES;
				CLANG_WARN_OBJC_ROOT_CLASS = YES_ERROR;
				CLANG_WARN_RANGE_LOOP_ANALYSIS = YES;
				CLANG_WARN_STRICT_PROTOTYPES = YES;
				CLANG_WARN_SUSPICIOUS_MOVE = YES;
				CLANG_WARN_UNGUARDED_AVAILABILITY = YES_AGGRESSIVE;
				CLANG_WARN_UNREACHABLE_CODE = YES;
				CLANG_WARN__DUPLICATE_METHOD_MATCH = YES;
				CODE_SIGN_IDENTITY = "iPhone Developer";
				COPY_PHASE_STRIP = NO;
				DEBUG_INFORMATION_FORMAT = dwarf;
				ENABLE_STRICT_OBJC_MSGSEND = YES;
				ENABLE_TESTABILITY = YES;
				GCC_C_LANGUAGE_STANDARD = gnu11;
				GCC_DYNAMIC_NO_PIC = NO;
				GCC_NO_COMMON_BLOCKS = YES;
				GCC_OPTIMIZATION_LEVEL = 0;
				GCC_PREPROCESSOR_DEFINITIONS = (
					"DEBUG=1",
					"$(inherited)",
				);
				GCC_WARN_64_TO_32_BIT_CONVERSION = YES;
				GCC_WARN_ABOUT_RETURN_TYPE = YES_ERROR;
				GCC_WARN_UNDECLARED_SELECTOR = YES;
				GCC_WARN_UNINITIALIZED_AUTOS = YES_AGGRESSIVE;
				GCC_WARN_UNUSED_FUNCTION = YES;
				GCC_WARN_UNUSED_VARIABLE = YES;
				IPHONEOS_DEPLOYMENT_TARGET = 12.1;
				MTL_ENABLE_DEBUG_INFO = INCLUDE_SOURCE;
				MTL_FAST_MATH = YES;
				ONLY_ACTIVE_ARCH = YES;
				SDKROOT = iphoneos;
				SWIFT_ACTIVE_COMPILATION_CONDITIONS = DEBUG;
				SWIFT_OPTIMIZATION_LEVEL = "-Onone";
			};
			name = Debug;
		};
		E922CABB21ABFF7B005033F0 /* Release */ = {
			isa = XCBuildConfiguration;
			buildSettings = {
				ALWAYS_SEARCH_USER_PATHS = NO;
				CLANG_ANALYZER_NONNULL = YES;
				CLANG_ANALYZER_NUMBER_OBJECT_CONVERSION = YES_AGGRESSIVE;
				CLANG_CXX_LANGUAGE_STANDARD = "gnu++14";
				CLANG_CXX_LIBRARY = "libc++";
				CLANG_ENABLE_MODULES = YES;
				CLANG_ENABLE_OBJC_ARC = YES;
				CLANG_ENABLE_OBJC_WEAK = YES;
				CLANG_WARN_BLOCK_CAPTURE_AUTORELEASING = YES;
				CLANG_WARN_BOOL_CONVERSION = YES;
				CLANG_WARN_COMMA = YES;
				CLANG_WARN_CONSTANT_CONVERSION = YES;
				CLANG_WARN_DEPRECATED_OBJC_IMPLEMENTATIONS = YES;
				CLANG_WARN_DIRECT_OBJC_ISA_USAGE = YES_ERROR;
				CLANG_WARN_DOCUMENTATION_COMMENTS = YES;
				CLANG_WARN_EMPTY_BODY = YES;
				CLANG_WARN_ENUM_CONVERSION = YES;
				CLANG_WARN_INFINITE_RECURSION = YES;
				CLANG_WARN_INT_CONVERSION = YES;
				CLANG_WARN_NON_LITERAL_NULL_CONVERSION = YES;
				CLANG_WARN_OBJC_IMPLICIT_RETAIN_SELF = YES;
				CLANG_WARN_OBJC_LITERAL_CONVERSION = YES;
				CLANG_WARN_OBJC_ROOT_CLASS = YES_ERROR;
				CLANG_WARN_RANGE_LOOP_ANALYSIS = YES;
				CLANG_WARN_STRICT_PROTOTYPES = YES;
				CLANG_WARN_SUSPICIOUS_MOVE = YES;
				CLANG_WARN_UNGUARDED_AVAILABILITY = YES_AGGRESSIVE;
				CLANG_WARN_UNREACHABLE_CODE = YES;
				CLANG_WARN__DUPLICATE_METHOD_MATCH = YES;
				CODE_SIGN_IDENTITY = "iPhone Developer";
				COPY_PHASE_STRIP = NO;
				DEBUG_INFORMATION_FORMAT = "dwarf-with-dsym";
				ENABLE_NS_ASSERTIONS = NO;
				ENABLE_STRICT_OBJC_MSGSEND = YES;
				GCC_C_LANGUAGE_STANDARD = gnu11;
				GCC_NO_COMMON_BLOCKS = YES;
				GCC_WARN_64_TO_32_BIT_CONVERSION = YES;
				GCC_WARN_ABOUT_RETURN_TYPE = YES_ERROR;
				GCC_WARN_UNDECLARED_SELECTOR = YES;
				GCC_WARN_UNINITIALIZED_AUTOS = YES_AGGRESSIVE;
				GCC_WARN_UNUSED_FUNCTION = YES;
				GCC_WARN_UNUSED_VARIABLE = YES;
				IPHONEOS_DEPLOYMENT_TARGET = 12.1;
				MTL_ENABLE_DEBUG_INFO = NO;
				MTL_FAST_MATH = YES;
				SDKROOT = iphoneos;
				SWIFT_COMPILATION_MODE = wholemodule;
				SWIFT_OPTIMIZATION_LEVEL = "-O";
				VALIDATE_PRODUCT = YES;
			};
			name = Release;
		};
		E922CABD21ABFF7B005033F0 /* Debug */ = {
			isa = XCBuildConfiguration;
			buildSettings = {
				ASSETCATALOG_COMPILER_APPICON_NAME = AppIcon;
				CODE_SIGN_STYLE = Automatic;
				DEVELOPMENT_TEAM = 77U79L2JR4;
				INFOPLIST_FILE = "flappy bird/Info.plist";
				LD_RUNPATH_SEARCH_PATHS = (
					"$(inherited)",
					"@executable_path/Frameworks",
				);
				PRODUCT_BUNDLE_IDENTIFIER = "Augmatiks.flappy-bird";
				PRODUCT_NAME = "$(TARGET_NAME)";
				SWIFT_VERSION = 4.2;
				TARGETED_DEVICE_FAMILY = "1,2";
			};
			name = Debug;
		};
		E922CABE21ABFF7B005033F0 /* Release */ = {
			isa = XCBuildConfiguration;
			buildSettings = {
				ASSETCATALOG_COMPILER_APPICON_NAME = AppIcon;
				CODE_SIGN_STYLE = Automatic;
				DEVELOPMENT_TEAM = 77U79L2JR4;
				INFOPLIST_FILE = "flappy bird/Info.plist";
				LD_RUNPATH_SEARCH_PATHS = (
					"$(inherited)",
					"@executable_path/Frameworks",
				);
				PRODUCT_BUNDLE_IDENTIFIER = "Augmatiks.flappy-bird";
				PRODUCT_NAME = "$(TARGET_NAME)";
				SWIFT_VERSION = 4.2;
				TARGETED_DEVICE_FAMILY = "1,2";
			};
			name = Release;
		};
/* End XCBuildConfiguration section */

/* Begin XCConfigurationList section */
		E922CA9F21ABFF79005033F0 /* Build configuration list for PBXProject "flappy bird" */ = {
			isa = XCConfigurationList;
			buildConfigurations = (
				E922CABA21ABFF7B005033F0 /* Debug */,
				E922CABB21ABFF7B005033F0 /* Release */,
			);
			defaultConfigurationIsVisible = 0;
			defaultConfigurationName = Release;
		};
		E922CABC21ABFF7B005033F0 /* Build configuration list for PBXNativeTarget "flappy bird" */ = {
			isa = XCConfigurationList;
			buildConfigurations = (
				E922CABD21ABFF7B005033F0 /* Debug */,
				E922CABE21ABFF7B005033F0 /* Release */,
			);
			defaultConfigurationIsVisible = 0;
			defaultConfigurationName = Release;
		};
/* End XCConfigurationList section */
	};
	rootObject = E922CA9C21ABFF79005033F0 /* Project object */;
}
